{
  "nodes": {
    "flake-utils": {
      "locked": {
        "lastModified": 1667395993,
        "narHash": "sha256-nuEHfE/LcWyuSWnS8t12N1wc105Qtau+/OdUAjtQ0rA=",
        "owner": "numtide",
        "repo": "flake-utils",
        "rev": "5aed5285a952e0b949eb3ba02c12fa4fcfef535f",
        "type": "github"
      },
      "original": {
        "owner": "numtide",
        "repo": "flake-utils",
        "type": "github"
      }
    },
    "nix-alien": {
      "inputs": {
        "flake-utils": "flake-utils",
        "nixpkgs": "nixpkgs"
      },
      "locked": {
        "lastModified": 1668504894,
        "narHash": "sha256-Q/URqJtTONNEoVfat+UMZq8rl7MvMwLEKF1uPFQm/cs=",
        "owner": "thiagokokada",
        "repo": "nix-alien",
        "rev": "ec6dabeaddecab75794bfa1070989371b2636b70",
        "type": "github"
      },
      "original": {
        "owner": "thiagokokada",
        "repo": "nix-alien",
        "type": "github"
      }
    },
    "nix-ld": {
      "inputs": {
        "nixpkgs": "nixpkgs_2",
        "utils": "utils"
      },
      "locked": {
        "lastModified": 1668423731,
        "narHash": "sha256-WHizQHtkMGWdsmbZmtYxJ0xlg97FLy4Ft/4XAoHCRH0=",
        "owner": "Mic92",
        "repo": "nix-ld",
        "rev": "7d251c0c5adf6b9b003499243be257d0f130b3d6",
        "type": "github"
      },
      "original": {
        "owner": "Mic92",
        "ref": "main",
        "repo": "nix-ld",
        "type": "github"
      }
    },
    "nixpkgs": {
      "locked": {
        "lastModified": 1668443372,
        "narHash": "sha256-lXNlVyNWwO22/JUdBtUWz68jZB3DM+Jq/irlsbwncI0=",
        "owner": "NixOS",
        "repo": "nixpkgs",
        "rev": "dad4de1694cd92d9a0e123bfdf134d0047b836a5",
        "type": "github"
      },
      "original": {
        "owner": "NixOS",
        "ref": "nixpkgs-unstable",
        "repo": "nixpkgs",
        "type": "github"
      }
    },
    "nixpkgs-unstable": {
      "locked": {
        "lastModified": 1669411043,
        "narHash": "sha256-LfPd3+EY+jaIHTRIEOUtHXuanxm59YKgUacmSzaqMLc=",
        "owner": "nixos",
        "repo": "nixpkgs",
        "rev": "5dc7114b7b256d217fe7752f1614be2514e61bb8",
        "type": "github"
      },
      "original": {
        "owner": "nixos",
        "ref": "nixos-unstable",
        "repo": "nixpkgs",
        "type": "github"
      }
    },
    "nixpkgs_2": {
      "locked": {
        "lastModified": 1668423401,
        "narHash": "sha256-mMkOwAdnP2BEAnOodHdi9WmTgUfLuE57u5oymQJ1bNA=",
        "owner": "NixOS",
        "repo": "nixpkgs",
        "rev": "afb094b15445829ef63a71ed904db187df58c739",
        "type": "github"
      },
      "original": {
        "owner": "NixOS",
        "repo": "nixpkgs",
        "type": "github"
      }
    },
    "nixpkgs_3": {
      "locked": {
        "lastModified": 1669564173,
        "narHash": "sha256-pZ/C2p9KYVYoB9hhvmVyfCKPBoev8L/JK4zUN0wTFw0=",
        "owner": "nixos",
        "repo": "nixpkgs",
        "rev": "413bf055c8d3937bef4c4dcf5d23cb5ab4a3a964",
        "type": "github"
      },
      "original": {
        "owner": "nixos",
        "repo": "nixpkgs",
        "rev": "413bf055c8d3937bef4c4dcf5d23cb5ab4a3a964",
        "type": "github"
      }
    },
    "nur": {
      "locked": {
        "lastModified": 1669562715,
        "narHash": "sha256-x4SOCkMcQ19g+LVD96o/01aRBW6x0hlw0wyMJ08QTZA=",
        "owner": "nix-community",
        "repo": "NUR",
        "rev": "222f7c06142a675c305f863a489fb7147c5ccae1",
        "type": "github"
      },
      "original": {
        "owner": "nix-community",
        "repo": "NUR",
        "type": "github"
      }
    },
    "root": {
      "inputs": {
        "nix-alien": "nix-alien",
        "nix-ld": "nix-ld",
        "nixpkgs": "nixpkgs_3",
        "nixpkgs-unstable": "nixpkgs-unstable",
        "nur": "nur"
      }
    },
    "utils": {
      "locked": {
        "lastModified": 1667395993,
        "narHash": "sha256-nuEHfE/LcWyuSWnS8t12N1wc105Qtau+/OdUAjtQ0rA=",
        "owner": "numtide",
        "repo": "flake-utils",
        "rev": "5aed5285a952e0b949eb3ba02c12fa4fcfef535f",
        "type": "github"
      },
      "original": {
        "owner": "numtide",
        "repo": "flake-utils",
        "type": "github"
      }
    }
  },
  "root": "root",
  "version": 7
}
